
Microsoft Visual Studio Solution File, Format Version 11.00
# Visual Studio 2010
Project("{8BC9CEB8-8B4A-11D0-8D11-00A0C91BC942}") = "waveInTest", "waveInTest\waveInTest.vcxproj", "{36425863-4700-48F7-83A3-489D47CE288A}"
EndProject
Global
	GlobalSection(SolutionConfigurationPlatforms) = preSolution
		Debug|Win32 = Debug|Win32
		Release|Win32 = Release|Win32
	EndGlobalSection
	GlobalSection(ProjectConfigurationPlatforms) = postSolution
		{36425863-4700-48F7-83A3-489D47CE288A}.Debug|Win32.ActiveCfg = Debug|Win32
		{36425863-4700-48F7-83A3-489D47CE288A}.Debug|Win32.Build.0 = Debug|Win32
		{36425863-4700-48F7-83A3-489D47CE288A}.Release|Win32.ActiveCfg = Release|Win32
		{36425863-4700-48F7-83A3-489D47CE288A}.Release|Win32.Build.0 = Release|Win32
	EndGlobalSection
	GlobalSection(SolutionProperties) = preSolution
		HideSolutionNode = FALSE
	EndGlobalSection
EndGlobal
